
Microsoft Visual Studio Solution File, Format Version 12.00
# Visual Studio Version 17
VisualStudioVersion = 17.7.34003.232
MinimumVisualStudioVersion = 10.0.40219.1
Project("{FAE04EC0-301F-11D3-BF4B-00C04F79EFBC}") = "ConsoleApp1", "ConsoleApp1\ConsoleApp1.csproj", "{5116CB9A-6E78-45C5-954D-FE69C83EEF16}"
EndProject
Global
	GlobalSection(SolutionConfigurationPlatforms) = preSolution
		Debug|Any CPU = Debug|Any CPU
		Release|Any CPU = Release|Any CPU
	EndGlobalSection
	GlobalSection(ProjectConfigurationPlatforms) = postSolution
		{5116CB9A-6E78-45C5-954D-FE69C83EEF16}.Debug|Any CPU.ActiveCfg = Debug|Any CPU
		{5116CB9A-6E78-45C5-954D-FE69C83EEF16}.Debug|Any CPU.Build.0 = Debug|Any CPU
		{5116CB9A-6E78-45C5-954D-FE69C83EEF16}.Release|Any CPU.ActiveCfg = Release|Any CPU
		{5116CB9A-6E78-45C5-954D-FE69C83EEF16}.Release|Any CPU.Build.0 = Release|Any CPU
	EndGlobalSection
	GlobalSection(SolutionProperties) = preSolution
		HideSolutionNode = FALSE
	EndGlobalSection
	GlobalSection(ExtensibilityGlobals) = postSolution
		SolutionGuid = {D8D5D19F-7592-4BCC-B319-DC0D4E276876}
	EndGlobalSection
EndGlobal
